
Microsoft Visual Studio Solution File, Format Version 12.00
# Visual Studio 15
VisualStudioVersion = 15.0.27130.2024
MinimumVisualStudioVersion = 10.0.40219.1
Project("{FAE04EC0-301F-11D3-BF4B-00C04F79EFBC}") = "NeighborDiscovery", "NeighborDiscovery\NeighborDiscovery.csproj", "{E0836573-C4CB-49D7-9CE2-5D3AF7B9AFDD}"
EndProject
Project("{FAE04EC0-301F-11D3-BF4B-00C04F79EFBC}") = "UINetworkDiscovery", "UINetworkDiscovery\UINetworkDiscovery.csproj", "{BB92CA53-E9BE-4CD0-894F-C3A5259EB344}"
EndProject
Project("{9A19103F-16F7-4668-BE54-9A1E7A4F7556}") = "NeighborDiscovery.Tests", "NeighborDiscovery.Tests\NeighborDiscovery.Tests.csproj", "{3261B71A-7D41-47CF-B58D-EEF3D8399B65}"
EndProject
Global
	GlobalSection(SolutionConfigurationPlatforms) = preSolution
		Debug|Any CPU = Debug|Any CPU
		Debug|x64 = Debug|x64
		Release|Any CPU = Release|Any CPU
		Release|x64 = Release|x64
	EndGlobalSection
	GlobalSection(ProjectConfigurationPlatforms) = postSolution
		{E0836573-C4CB-49D7-9CE2-5D3AF7B9AFDD}.Debug|Any CPU.ActiveCfg = Debug|Any CPU
		{E0836573-C4CB-49D7-9CE2-5D3AF7B9AFDD}.Debug|Any CPU.Build.0 = Debug|Any CPU
		{E0836573-C4CB-49D7-9CE2-5D3AF7B9AFDD}.Debug|x64.ActiveCfg = Debug|Any CPU
		{E0836573-C4CB-49D7-9CE2-5D3AF7B9AFDD}.Debug|x64.Build.0 = Debug|Any CPU
		{E0836573-C4CB-49D7-9CE2-5D3AF7B9AFDD}.Release|Any CPU.ActiveCfg = Release|Any CPU
		{E0836573-C4CB-49D7-9CE2-5D3AF7B9AFDD}.Release|Any CPU.Build.0 = Release|Any CPU
		{E0836573-C4CB-49D7-9CE2-5D3AF7B9AFDD}.Release|x64.ActiveCfg = Release|x64
		{E0836573-C4CB-49D7-9CE2-5D3AF7B9AFDD}.Release|x64.Build.0 = Release|x64
		{BB92CA53-E9BE-4CD0-894F-C3A5259EB344}.Debug|Any CPU.ActiveCfg = Debug|Any CPU
		{BB92CA53-E9BE-4CD0-894F-C3A5259EB344}.Debug|Any CPU.Build.0 = Debug|Any CPU
		{BB92CA53-E9BE-4CD0-894F-C3A5259EB344}.Debug|x64.ActiveCfg = Debug|Any CPU
		{BB92CA53-E9BE-4CD0-894F-C3A5259EB344}.Debug|x64.Build.0 = Debug|Any CPU
		{BB92CA53-E9BE-4CD0-894F-C3A5259EB344}.Release|Any CPU.ActiveCfg = Release|Any CPU
		{BB92CA53-E9BE-4CD0-894F-C3A5259EB344}.Release|Any CPU.Build.0 = Release|Any CPU
		{BB92CA53-E9BE-4CD0-894F-C3A5259EB344}.Release|x64.ActiveCfg = Release|x64
		{BB92CA53-E9BE-4CD0-894F-C3A5259EB344}.Release|x64.Build.0 = Release|x64
		{3261B71A-7D41-47CF-B58D-EEF3D8399B65}.Debug|Any CPU.ActiveCfg = Debug|Any CPU
		{3261B71A-7D41-47CF-B58D-EEF3D8399B65}.Debug|Any CPU.Build.0 = Debug|Any CPU
		{3261B71A-7D41-47CF-B58D-EEF3D8399B65}.Debug|x64.ActiveCfg = Debug|Any CPU
		{3261B71A-7D41-47CF-B58D-EEF3D8399B65}.Debug|x64.Build.0 = Debug|Any CPU
		{3261B71A-7D41-47CF-B58D-EEF3D8399B65}.Release|Any CPU.ActiveCfg = Release|Any CPU
		{3261B71A-7D41-47CF-B58D-EEF3D8399B65}.Release|Any CPU.Build.0 = Release|Any CPU
		{3261B71A-7D41-47CF-B58D-EEF3D8399B65}.Release|x64.ActiveCfg = Release|Any CPU
		{3261B71A-7D41-47CF-B58D-EEF3D8399B65}.Release|x64.Build.0 = Release|Any CPU
	EndGlobalSection
	GlobalSection(SolutionProperties) = preSolution
		HideSolutionNode = FALSE
	EndGlobalSection
	GlobalSection(ExtensibilityGlobals) = postSolution
		SolutionGuid = {5E982237-49D5-4F02-BD99-0C6AB6F68235}
	EndGlobalSection
EndGlobal
